{
  "nodes": {
    "catch2": {
      "flake": false,
      "locked": {
        "lastModified": 1689248250,
        "narHash": "sha256-DqGGfNjKPW9HFJrX9arFHyNYjB61uoL6NabZatTWrr0=",
        "owner": "catchorg",
        "repo": "Catch2",
        "rev": "6e79e682b726f524310d55dec8ddac4e9c52fb5f",
        "type": "github"
      },
      "original": {
        "owner": "catchorg",
        "ref": "v3.4.0",
        "repo": "Catch2",
        "type": "github"
      }
    },
    "nixpkgs": {
      "locked": {
        "lastModified": 1766651565,
        "narHash": "sha256-QEhk0eXgyIqTpJ/ehZKg9IKS7EtlWxF3N7DXy42zPfU=",
        "owner": "nixos",
        "repo": "nixpkgs",
        "rev": "3e2499d5539c16d0d173ba53552a4ff8547f4539",
        "type": "github"
      },
      "original": {
        "owner": "nixos",
        "ref": "nixos-unstable",
        "repo": "nixpkgs",
        "type": "github"
      }
    },
    "root": {
      "inputs": {
        "catch2": "catch2",
        "nixpkgs": "nixpkgs"
      }
    }
  },
  "root": "root",
  "version": 7
}
